%{
  "elixir_uuid": {:hex, :elixir_uuid, "1.2.1", "dce506597acb7e6b0daeaff52ff6a9043f5919a4c3315abb4143f0b00378c097", [:mix], [], "hexpm", "f7eba2ea6c3555cea09706492716b0d87397b88946e6380898c2889d68585752"},
  "jason": {:hex, :jason, "1.4.4", "b9226785a9aa77b6857ca22832cffa5d5011a667207eb2a0ad56adb5db443b8a", [:mix], [{:decimal, "~> 1.0 or ~> 2.0", [hex: :decimal, repo: "hexpm", optional: true]}], "hexpm", "c5eb0cab91f094599f94d55bc63409236a8ec69a21a67814529e8d5f6cc90b3b"},
  "poison": {:hex, :poison, "6.0.0", "9bbe86722355e36ffb62c51a552719534257ba53f3271dacd20fbbd6621a583a", [:mix], [{:decimal, "~> 2.1", [hex: :decimal, repo: "hexpm", optional: true]}], "hexpm", "bb9064632b94775a3964642d6a78281c07b7be1319e0016e1643790704e739a2"},
}
